
Microsoft Visual Studio Solution File, Format Version 12.00
# Visual Studio Version 17
VisualStudioVersion = 17.5.33627.172
MinimumVisualStudioVersion = 10.0.40219.1
Project("{FAE04EC0-301F-11D3-BF4B-00C04F79EFBC}") = "ForumApp", "ForumApp.csproj", "{9A5E2423-B997-4DC5-B4CB-E28CC7CDA1F7}"
EndProject
Global
	GlobalSection(SolutionConfigurationPlatforms) = preSolution
		Debug|Any CPU = Debug|Any CPU
		Release|Any CPU = Release|Any CPU
	EndGlobalSection
	GlobalSection(ProjectConfigurationPlatforms) = postSolution
		{9A5E2423-B997-4DC5-B4CB-E28CC7CDA1F7}.Debug|Any CPU.ActiveCfg = Debug|Any CPU
		{9A5E2423-B997-4DC5-B4CB-E28CC7CDA1F7}.Debug|Any CPU.Build.0 = Debug|Any CPU
		{9A5E2423-B997-4DC5-B4CB-E28CC7CDA1F7}.Release|Any CPU.ActiveCfg = Release|Any CPU
		{9A5E2423-B997-4DC5-B4CB-E28CC7CDA1F7}.Release|Any CPU.Build.0 = Release|Any CPU
	EndGlobalSection
	GlobalSection(SolutionProperties) = preSolution
		HideSolutionNode = FALSE
	EndGlobalSection
	GlobalSection(ExtensibilityGlobals) = postSolution
		SolutionGuid = {B9816247-1D99-40A5-8B41-448CE9FC1237}
	EndGlobalSection
EndGlobal
